
Microsoft Visual Studio Solution File, Format Version 12.00
# Visual Studio Version 17
VisualStudioVersion = 17.5.33414.496
MinimumVisualStudioVersion = 10.0.40219.1
Project("{9A19103F-16F7-4668-BE54-9A1E7A4F7556}") = "Calculator", "Calculator\Calculator.csproj", "{1439E53E-DF64-410D-BABB-41BF2733DFF2}"
EndProject
Project("{FAE04EC0-301F-11D3-BF4B-00C04F79EFBC}") = "Calculator.MathTests", "Calculator.MathTests\Calculator.MathTests.csproj", "{FF9E8464-2481-4C43-BECF-014D45B6B555}"
EndProject
Global
	GlobalSection(SolutionConfigurationPlatforms) = preSolution
		Debug|Any CPU = Debug|Any CPU
		Release|Any CPU = Release|Any CPU
	EndGlobalSection
	GlobalSection(ProjectConfigurationPlatforms) = postSolution
		{1439E53E-DF64-410D-BABB-41BF2733DFF2}.Debug|Any CPU.ActiveCfg = Debug|Any CPU
		{1439E53E-DF64-410D-BABB-41BF2733DFF2}.Debug|Any CPU.Build.0 = Debug|Any CPU
		{1439E53E-DF64-410D-BABB-41BF2733DFF2}.Release|Any CPU.ActiveCfg = Release|Any CPU
		{1439E53E-DF64-410D-BABB-41BF2733DFF2}.Release|Any CPU.Build.0 = Release|Any CPU
		{FF9E8464-2481-4C43-BECF-014D45B6B555}.Debug|Any CPU.ActiveCfg = Debug|Any CPU
		{FF9E8464-2481-4C43-BECF-014D45B6B555}.Debug|Any CPU.Build.0 = Debug|Any CPU
		{FF9E8464-2481-4C43-BECF-014D45B6B555}.Release|Any CPU.ActiveCfg = Release|Any CPU
		{FF9E8464-2481-4C43-BECF-014D45B6B555}.Release|Any CPU.Build.0 = Release|Any CPU
	EndGlobalSection
	GlobalSection(SolutionProperties) = preSolution
		HideSolutionNode = FALSE
	EndGlobalSection
	GlobalSection(ExtensibilityGlobals) = postSolution
		SolutionGuid = {E440086F-1CCF-47AE-9438-C525813114B2}
	EndGlobalSection
EndGlobal
